<?xml version="1.0" encoding="utf-8"?>
<Project ToolsVersion="4.0" xmlns="http://schemas.microsoft.com/developer/msbuild/2003">
  <ItemGroup>
    <ClCompile Include="Ente.cpp">
      <Filter>Source Files</Filter>
    </ClCompile>
    <ClCompile Include="Animacao.cpp">
      <Filter>Source Files</Filter>
    </ClCompile>
    <ClCompile Include="Armadilha_de_urso.cpp">
      <Filter>Source Files</Filter>
    </ClCompile>
    <ClCompile Include="Entidade.cpp">
      <Filter>Source Files</Filter>
    </ClCompile>
    <ClCompile Include="Fundo.cpp">
      <Filter>Source Files</Filter>
    </ClCompile>
    <ClCompile Include="Gerenciador_Colisoes.cpp">
      <Filter>Source Files</Filter>
    </ClCompile>
    <ClCompile Include="Gerenciador_de_Eventos.cpp">
      <Filter>Source Files</Filter>
    </ClCompile>
    <ClCompile Include="Gerenciador_Grafico.cpp">
      <Filter>Source Files</Filter>
    </ClCompile>
    <ClCompile Include="Imagem.cpp">
      <Filter>Source Files</Filter>
    </ClCompile>
    <ClCompile Include="Inimigo.cpp">
      <Filter>Source Files</Filter>
    </ClCompile>
    <ClCompile Include="Jogador.cpp">
      <Filter>Source Files</Filter>
    </ClCompile>
    <ClCompile Include="Jogo.cpp">
      <Filter>Source Files</Filter>
    </ClCompile>
    <ClCompile Include="Kitsune.cpp">
      <Filter>Source Files</Filter>
    </ClCompile>
    <ClCompile Include="ListaEntidades.cpp">
      <Filter>Source Files</Filter>
    </ClCompile>
    <ClCompile Include="main.cpp">
      <Filter>Source Files</Filter>
    </ClCompile>
    <ClCompile Include="Obstaculo.cpp">
      <Filter>Source Files</Filter>
    </ClCompile>
    <ClCompile Include="Personagem.cpp">
      <Filter>Source Files</Filter>
    </ClCompile>
    <ClCompile Include="Plataforma.cpp">
      <Filter>Source Files</Filter>
    </ClCompile>
    <ClCompile Include="Projetil.cpp">
      <Filter>Source Files</Filter>
    </ClCompile>
    <ClCompile Include="Redemoinho.cpp">
      <Filter>Source Files</Filter>
    </ClCompile>
    <ClCompile Include="Tengu.cpp">
      <Filter>Source Files</Filter>
    </ClCompile>
    <ClCompile Include="Fase.cpp">
      <Filter>Source Files</Filter>
    </ClCompile>
    <ClCompile Include="FasePrimeira.cpp">
      <Filter>Source Files</Filter>
    </ClCompile>
    <ClCompile Include="Menu.cpp">
      <Filter>Source Files</Filter>
    </ClCompile>
    <ClCompile Include="Samurai.cpp">
      <Filter>Source Files</Filter>
    </ClCompile>
    <ClCompile Include="Menu_Pause.cpp">
      <Filter>Source Files</Filter>
    </ClCompile>
    <ClCompile Include="FaseSegunda.cpp">
      <Filter>Source Files</Filter>
    </ClCompile>
    <ClCompile Include="Menu_Principal.cpp">
      <Filter>Source Files</Filter>
    </ClCompile>
    <ClCompile Include="Menu_Salvamento_Ranking.cpp">
      <Filter>Source Files</Filter>
    </ClCompile>
    <ClCompile Include="Menu_Colocacao.cpp">
      <Filter>Source Files</Filter>
    </ClCompile>
  </ItemGroup>
  <ItemGroup>
    <ClInclude Include="Animacao.h">
      <Filter>Header Files</Filter>
    </ClInclude>
    <ClInclude Include="Armadilha_de_urso.h">
      <Filter>Header Files</Filter>
    </ClInclude>
    <ClInclude Include="Coord.h">
      <Filter>Header Files</Filter>
    </ClInclude>
    <ClInclude Include="Ente.h">
      <Filter>Header Files</Filter>
    </ClInclude>
    <ClInclude Include="Entidade.h">
      <Filter>Header Files</Filter>
    </ClInclude>
    <ClInclude Include="Fundo.h">
      <Filter>Header Files</Filter>
    </ClInclude>
    <ClInclude Include="Gerenciador_Colisoes.h">
      <Filter>Header Files</Filter>
    </ClInclude>
    <ClInclude Include="Gerenciador_de_Eventos.h">
      <Filter>Header Files</Filter>
    </ClInclude>
    <ClInclude Include="Gerenciador_Grafico.h">
      <Filter>Header Files</Filter>
    </ClInclude>
    <ClInclude Include="Header.h">
      <Filter>Header Files</Filter>
    </ClInclude>
    <ClInclude Include="Imagem.h">
      <Filter>Header Files</Filter>
    </ClInclude>
    <ClInclude Include="Inimigo.h">
      <Filter>Header Files</Filter>
    </ClInclude>
    <ClInclude Include="Jogador.h">
      <Filter>Header Files</Filter>
    </ClInclude>
    <ClInclude Include="Jogo.h">
      <Filter>Header Files</Filter>
    </ClInclude>
    <ClInclude Include="Kitsune.h">
      <Filter>Header Files</Filter>
    </ClInclude>
    <ClInclude Include="Lista.h">
      <Filter>Header Files</Filter>
    </ClInclude>
    <ClInclude Include="ListaEntidades.h">
      <Filter>Header Files</Filter>
    </ClInclude>
    <ClInclude Include="Obstaculo.h">
      <Filter>Header Files</Filter>
    </ClInclude>
    <ClInclude Include="Personagem.h">
      <Filter>Header Files</Filter>
    </ClInclude>
    <ClInclude Include="Plataforma.h">
      <Filter>Header Files</Filter>
    </ClInclude>
    <ClInclude Include="Projetil.h">
      <Filter>Header Files</Filter>
    </ClInclude>
    <ClInclude Include="Redemoinho.h">
      <Filter>Header Files</Filter>
    </ClInclude>
    <ClInclude Include="Tengu.h">
      <Filter>Header Files</Filter>
    </ClInclude>
    <ClInclude Include="Fase.h">
      <Filter>Header Files</Filter>
    </ClInclude>
    <ClInclude Include="FasePrimeira.h">
      <Filter>Header Files</Filter>
    </ClInclude>
    <ClInclude Include="Menu.h">
      <Filter>Header Files</Filter>
    </ClInclude>
    <ClInclude Include="Samurai.h">
      <Filter>Header Files</Filter>
    </ClInclude>
    <ClInclude Include="Menu_Pause.h">
      <Filter>Header Files</Filter>
    </ClInclude>
    <ClInclude Include="json.hpp">
      <Filter>Header Files</Filter>
    </ClInclude>
    <ClInclude Include="json_fwd.hpp">
      <Filter>Header Files</Filter>
    </ClInclude>
    <ClInclude Include="FaseSegunda.h">
      <Filter>Header Files</Filter>
    </ClInclude>
    <ClInclude Include="Menu_Principal.h">
      <Filter>Header Files</Filter>
    </ClInclude>
    <ClInclude Include="Menu_Salvamento_Ranking.h">
      <Filter>Header Files</Filter>
    </ClInclude>
    <ClInclude Include="Menu_Colocacao.h">
      <Filter>Header Files</Filter>
    </ClInclude>
  </ItemGroup>
  <ItemGroup>
    <Image Include="Camada1.png">
      <Filter>Imagens</Filter>
    </Image>
    <Image Include="Camada2.png">
      <Filter>Imagens</Filter>
    </Image>
    <Image Include="Camada3.png">
      <Filter>Imagens</Filter>
    </Image>
    <Image Include="Chao.png">
      <Filter>Imagens</Filter>
    </Image>
    <Image Include="Plataforma.png">
      <Filter>Imagens</Filter>
    </Image>
  </ItemGroup>
  <ItemGroup>
    <Filter Include="Header Files">
      <UniqueIdentifier>{64835aae-7cc8-481b-a13f-a62c03c3501e}</UniqueIdentifier>
    </Filter>
    <Filter Include="Source Files">
      <UniqueIdentifier>{f9cc6b4f-7cf8-40ef-ac59-2867705a12ba}</UniqueIdentifier>
    </Filter>
    <Filter Include="Imagens">
      <UniqueIdentifier>{afc02aad-7731-41fe-96c5-377f523c4670}</UniqueIdentifier>
    </Filter>
  </ItemGroup>
</Project>